
Microsoft Visual Studio Solution File, Format Version 12.00
# Visual Studio Version 17
VisualStudioVersion = 17.3.32922.545
MinimumVisualStudioVersion = 10.0.40219.1
Project("{9A19103F-16F7-4668-BE54-9A1E7A4F7556}") = "PRN221_Project1.0", "PRN221_Project1.0\PRN221_Project1.0.csproj", "{149FAA57-E903-422D-B737-F43E6662AC7E}"
EndProject
Global
	GlobalSection(SolutionConfigurationPlatforms) = preSolution
		Debug|Any CPU = Debug|Any CPU
		Release|Any CPU = Release|Any CPU
	EndGlobalSection
	GlobalSection(ProjectConfigurationPlatforms) = postSolution
		{149FAA57-E903-422D-B737-F43E6662AC7E}.Debug|Any CPU.ActiveCfg = Debug|Any CPU
		{149FAA57-E903-422D-B737-F43E6662AC7E}.Debug|Any CPU.Build.0 = Debug|Any CPU
		{149FAA57-E903-422D-B737-F43E6662AC7E}.Release|Any CPU.ActiveCfg = Release|Any CPU
		{149FAA57-E903-422D-B737-F43E6662AC7E}.Release|Any CPU.Build.0 = Release|Any CPU
	EndGlobalSection
	GlobalSection(SolutionProperties) = preSolution
		HideSolutionNode = FALSE
	EndGlobalSection
	GlobalSection(ExtensibilityGlobals) = postSolution
		SolutionGuid = {2FF1DB8F-879C-43AA-B678-02284553A8CD}
	EndGlobalSection
EndGlobal
